
Microsoft Visual Studio Solution File, Format Version 12.00
# Visual Studio 15
VisualStudioVersion = 15.0.26124.0
MinimumVisualStudioVersion = 15.0.26124.0
Project("{FAE04EC0-301F-11D3-BF4B-00C04F79EFBC}") = "API", "API\API.csproj", "{E28D742A-8CF3-4046-9D4A-C89B29AAD7A3}"
EndProject
Project("{FAE04EC0-301F-11D3-BF4B-00C04F79EFBC}") = "Core", "Core\Core.csproj", "{54B39B38-C4D0-4137-BB78-3C97F7838FCE}"
EndProject
Project("{FAE04EC0-301F-11D3-BF4B-00C04F79EFBC}") = "Infrastructure", "Infrastructure\Infrastructure.csproj", "{97D7277D-F16B-4ADF-AE65-9BEAC976CD6F}"
EndProject
Global
	GlobalSection(SolutionConfigurationPlatforms) = preSolution
		Debug|Any CPU = Debug|Any CPU
		Debug|x64 = Debug|x64
		Debug|x86 = Debug|x86
		Release|Any CPU = Release|Any CPU
		Release|x64 = Release|x64
		Release|x86 = Release|x86
	EndGlobalSection
	GlobalSection(SolutionProperties) = preSolution
		HideSolutionNode = FALSE
	EndGlobalSection
	GlobalSection(ProjectConfigurationPlatforms) = postSolution
		{E28D742A-8CF3-4046-9D4A-C89B29AAD7A3}.Debug|Any CPU.ActiveCfg = Debug|Any CPU
		{E28D742A-8CF3-4046-9D4A-C89B29AAD7A3}.Debug|Any CPU.Build.0 = Debug|Any CPU
		{E28D742A-8CF3-4046-9D4A-C89B29AAD7A3}.Debug|x64.ActiveCfg = Debug|Any CPU
		{E28D742A-8CF3-4046-9D4A-C89B29AAD7A3}.Debug|x64.Build.0 = Debug|Any CPU
		{E28D742A-8CF3-4046-9D4A-C89B29AAD7A3}.Debug|x86.ActiveCfg = Debug|Any CPU
		{E28D742A-8CF3-4046-9D4A-C89B29AAD7A3}.Debug|x86.Build.0 = Debug|Any CPU
		{E28D742A-8CF3-4046-9D4A-C89B29AAD7A3}.Release|Any CPU.ActiveCfg = Release|Any CPU
		{E28D742A-8CF3-4046-9D4A-C89B29AAD7A3}.Release|Any CPU.Build.0 = Release|Any CPU
		{E28D742A-8CF3-4046-9D4A-C89B29AAD7A3}.Release|x64.ActiveCfg = Release|Any CPU
		{E28D742A-8CF3-4046-9D4A-C89B29AAD7A3}.Release|x64.Build.0 = Release|Any CPU
		{E28D742A-8CF3-4046-9D4A-C89B29AAD7A3}.Release|x86.ActiveCfg = Release|Any CPU
		{E28D742A-8CF3-4046-9D4A-C89B29AAD7A3}.Release|x86.Build.0 = Release|Any CPU
		{54B39B38-C4D0-4137-BB78-3C97F7838FCE}.Debug|Any CPU.ActiveCfg = Debug|Any CPU
		{54B39B38-C4D0-4137-BB78-3C97F7838FCE}.Debug|Any CPU.Build.0 = Debug|Any CPU
		{54B39B38-C4D0-4137-BB78-3C97F7838FCE}.Debug|x64.ActiveCfg = Debug|Any CPU
		{54B39B38-C4D0-4137-BB78-3C97F7838FCE}.Debug|x64.Build.0 = Debug|Any CPU
		{54B39B38-C4D0-4137-BB78-3C97F7838FCE}.Debug|x86.ActiveCfg = Debug|Any CPU
		{54B39B38-C4D0-4137-BB78-3C97F7838FCE}.Debug|x86.Build.0 = Debug|Any CPU
		{54B39B38-C4D0-4137-BB78-3C97F7838FCE}.Release|Any CPU.ActiveCfg = Release|Any CPU
		{54B39B38-C4D0-4137-BB78-3C97F7838FCE}.Release|Any CPU.Build.0 = Release|Any CPU
		{54B39B38-C4D0-4137-BB78-3C97F7838FCE}.Release|x64.ActiveCfg = Release|Any CPU
		{54B39B38-C4D0-4137-BB78-3C97F7838FCE}.Release|x64.Build.0 = Release|Any CPU
		{54B39B38-C4D0-4137-BB78-3C97F7838FCE}.Release|x86.ActiveCfg = Release|Any CPU
		{54B39B38-C4D0-4137-BB78-3C97F7838FCE}.Release|x86.Build.0 = Release|Any CPU
		{97D7277D-F16B-4ADF-AE65-9BEAC976CD6F}.Debug|Any CPU.ActiveCfg = Debug|Any CPU
		{97D7277D-F16B-4ADF-AE65-9BEAC976CD6F}.Debug|Any CPU.Build.0 = Debug|Any CPU
		{97D7277D-F16B-4ADF-AE65-9BEAC976CD6F}.Debug|x64.ActiveCfg = Debug|Any CPU
		{97D7277D-F16B-4ADF-AE65-9BEAC976CD6F}.Debug|x64.Build.0 = Debug|Any CPU
		{97D7277D-F16B-4ADF-AE65-9BEAC976CD6F}.Debug|x86.ActiveCfg = Debug|Any CPU
		{97D7277D-F16B-4ADF-AE65-9BEAC976CD6F}.Debug|x86.Build.0 = Debug|Any CPU
		{97D7277D-F16B-4ADF-AE65-9BEAC976CD6F}.Release|Any CPU.ActiveCfg = Release|Any CPU
		{97D7277D-F16B-4ADF-AE65-9BEAC976CD6F}.Release|Any CPU.Build.0 = Release|Any CPU
		{97D7277D-F16B-4ADF-AE65-9BEAC976CD6F}.Release|x64.ActiveCfg = Release|Any CPU
		{97D7277D-F16B-4ADF-AE65-9BEAC976CD6F}.Release|x64.Build.0 = Release|Any CPU
		{97D7277D-F16B-4ADF-AE65-9BEAC976CD6F}.Release|x86.ActiveCfg = Release|Any CPU
		{97D7277D-F16B-4ADF-AE65-9BEAC976CD6F}.Release|x86.Build.0 = Release|Any CPU
	EndGlobalSection
EndGlobal
